
Microsoft Visual Studio Solution File, Format Version 12.00
# Visual Studio 15
VisualStudioVersion = 15.0.27130.2036
MinimumVisualStudioVersion = 10.0.40219.1
Project("{FAE04EC0-301F-11D3-BF4B-00C04F79EFBC}") = "ArtClub", "ArtClub\ArtClub.csproj", "{C532BCD6-AA1B-4080-9EC6-D6A889ED8393}"
EndProject
Global
	GlobalSection(SolutionConfigurationPlatforms) = preSolution
		Debug|Any CPU = Debug|Any CPU
		Release|Any CPU = Release|Any CPU
	EndGlobalSection
	GlobalSection(ProjectConfigurationPlatforms) = postSolution
		{C532BCD6-AA1B-4080-9EC6-D6A889ED8393}.Debug|Any CPU.ActiveCfg = Debug|Any CPU
		{C532BCD6-AA1B-4080-9EC6-D6A889ED8393}.Debug|Any CPU.Build.0 = Debug|Any CPU
		{C532BCD6-AA1B-4080-9EC6-D6A889ED8393}.Release|Any CPU.ActiveCfg = Release|Any CPU
		{C532BCD6-AA1B-4080-9EC6-D6A889ED8393}.Release|Any CPU.Build.0 = Release|Any CPU
	EndGlobalSection
	GlobalSection(SolutionProperties) = preSolution
		HideSolutionNode = FALSE
	EndGlobalSection
	GlobalSection(ExtensibilityGlobals) = postSolution
		SolutionGuid = {16E2CC34-065D-4E48-8A1E-E530ADB4ED20}
	EndGlobalSection
EndGlobal
